
Microsoft Visual Studio Solution File, Format Version 12.00
# Visual Studio Version 17
VisualStudioVersion = 17.7.34221.43
MinimumVisualStudioVersion = 10.0.40219.1
Project("{FAE04EC0-301F-11D3-BF4B-00C04F79EFBC}") = "Practica 2 U4", "Practica 2 U4.csproj", "{63348DB2-8D10-49E7-8E77-C2749F4A8ACB}"
EndProject
Global
	GlobalSection(SolutionConfigurationPlatforms) = preSolution
		Debug|Any CPU = Debug|Any CPU
		Release|Any CPU = Release|Any CPU
	EndGlobalSection
	GlobalSection(ProjectConfigurationPlatforms) = postSolution
		{63348DB2-8D10-49E7-8E77-C2749F4A8ACB}.Debug|Any CPU.ActiveCfg = Debug|Any CPU
		{63348DB2-8D10-49E7-8E77-C2749F4A8ACB}.Debug|Any CPU.Build.0 = Debug|Any CPU
		{63348DB2-8D10-49E7-8E77-C2749F4A8ACB}.Release|Any CPU.ActiveCfg = Release|Any CPU
		{63348DB2-8D10-49E7-8E77-C2749F4A8ACB}.Release|Any CPU.Build.0 = Release|Any CPU
	EndGlobalSection
	GlobalSection(SolutionProperties) = preSolution
		HideSolutionNode = FALSE
	EndGlobalSection
	GlobalSection(ExtensibilityGlobals) = postSolution
		SolutionGuid = {1C1182AD-E14D-4F14-9D3E-CF451601D62F}
	EndGlobalSection
EndGlobal
